// !$*UTF8*$!
{
	archiveVersion = 1;
	classes = {
	};
	objectVersion = 46;
	objects = {

/* Begin PBXBuildFile section */
		9117330E1E479E3300539957 /* AppDelegate.swift in Sources */ = {isa = PBXBuildFile; fileRef = 9117330D1E479E3200539957 /* AppDelegate.swift */; };
		911733101E479E3300539957 /* ViewController.swift in Sources */ = {isa = PBXBuildFile; fileRef = 9117330F1E479E3300539957 /* ViewController.swift */; };
		911733131E479E3300539957 /* Main.storyboard in Resources */ = {isa = PBXBuildFile; fileRef = 911733111E479E3300539957 /* Main.storyboard */; };
		911733151E479E3300539957 /* Assets.xcassets in Resources */ = {isa = PBXBuildFile; fileRef = 911733141E479E3300539957 /* Assets.xcassets */; };
		911733181E479E3300539957 /* LaunchScreen.storyboard in Resources */ = {isa = PBXBuildFile; fileRef = 911733161E479E3300539957 /* LaunchScreen.storyboard */; };
		911733201E47AC6400539957 /* tabbers.json in Resources */ = {isa = PBXBuildFile; fileRef = 9117331F1E47AC6400539957 /* tabbers.json */; };
		911733221E47AD8900539957 /* Tabber.swift in Sources */ = {isa = PBXBuildFile; fileRef = 911733211E47AD8900539957 /* Tabber.swift */; };
		911733241E47B85100539957 /* CollectionViewController.swift in Sources */ = {isa = PBXBuildFile; fileRef = 911733231E47B85100539957 /* CollectionViewController.swift */; };
		911733261E47B86000539957 /* CollectionViewController.storyboard in Resources */ = {isa = PBXBuildFile; fileRef = 911733251E47B86000539957 /* CollectionViewController.storyboard */; };
		9149EC291E48CA5A0012FA60 /* EmojiViewController.swift in Sources */ = {isa = PBXBuildFile; fileRef = 9149EC281E48CA5A0012FA60 /* EmojiViewController.swift */; };
		9149EC2B1E48CA6E0012FA60 /* EmojiViewController.storyboard in Resources */ = {isa = PBXBuildFile; fileRef = 9149EC2A1E48CA6E0012FA60 /* EmojiViewController.storyboard */; };
		EA032B80319D910701FB3222 /* Pods_HeroDemo.framework in Frameworks */ = {isa = PBXBuildFile; fileRef = 4738509AC51DF773B1E3DDFD /* Pods_HeroDemo.framework */; };
/* End PBXBuildFile section */

/* Begin PBXFileReference section */
		2118867243CC9AB966CD6957 /* Pods-HeroDemo.release.xcconfig */ = {isa = PBXFileReference; includeInIndex = 1; lastKnownFileType = text.xcconfig; name = "Pods-HeroDemo.release.xcconfig"; path = "Pods/Target Support Files/Pods-HeroDemo/Pods-HeroDemo.release.xcconfig"; sourceTree = "<group>"; };
		4738509AC51DF773B1E3DDFD /* Pods_HeroDemo.framework */ = {isa = PBXFileReference; explicitFileType = wrapper.framework; includeInIndex = 0; path = Pods_HeroDemo.framework; sourceTree = BUILT_PRODUCTS_DIR; };
		696894C7666D80ACE75E329F /* Pods-HeroDemo.debug.xcconfig */ = {isa = PBXFileReference; includeInIndex = 1; lastKnownFileType = text.xcconfig; name = "Pods-HeroDemo.debug.xcconfig"; path = "Pods/Target Support Files/Pods-HeroDemo/Pods-HeroDemo.debug.xcconfig"; sourceTree = "<group>"; };
		9117330A1E479E3200539957 /* HeroDemo.app */ = {isa = PBXFileReference; explicitFileType = wrapper.application; includeInIndex = 0; path = HeroDemo.app; sourceTree = BUILT_PRODUCTS_DIR; };
		9117330D1E479E3200539957 /* AppDelegate.swift */ = {isa = PBXFileReference; lastKnownFileType = sourcecode.swift; path = AppDelegate.swift; sourceTree = "<group>"; };
		9117330F1E479E3300539957 /* ViewController.swift */ = {isa = PBXFileReference; lastKnownFileType = sourcecode.swift; path = ViewController.swift; sourceTree = "<group>"; };
		911733121E479E3300539957 /* Base */ = {isa = PBXFileReference; lastKnownFileType = file.storyboard; name = Base; path = Base.lproj/Main.storyboard; sourceTree = "<group>"; };
		911733141E479E3300539957 /* Assets.xcassets */ = {isa = PBXFileReference; lastKnownFileType = folder.assetcatalog; path = Assets.xcassets; sourceTree = "<group>"; };
		911733171E479E3300539957 /* Base */ = {isa = PBXFileReference; lastKnownFileType = file.storyboard; name = Base; path = Base.lproj/LaunchScreen.storyboard; sourceTree = "<group>"; };
		911733191E479E3300539957 /* Info.plist */ = {isa = PBXFileReference; lastKnownFileType = text.plist.xml; path = Info.plist; sourceTree = "<group>"; };
		9117331F1E47AC6400539957 /* tabbers.json */ = {isa = PBXFileReference; fileEncoding = 4; lastKnownFileType = text.json; path = tabbers.json; sourceTree = "<group>"; };
		911733211E47AD8900539957 /* Tabber.swift */ = {isa = PBXFileReference; fileEncoding = 4; lastKnownFileType = sourcecode.swift; path = Tabber.swift; sourceTree = "<group>"; };
		911733231E47B85100539957 /* CollectionViewController.swift */ = {isa = PBXFileReference; fileEncoding = 4; lastKnownFileType = sourcecode.swift; path = CollectionViewController.swift; sourceTree = "<group>"; };
		911733251E47B86000539957 /* CollectionViewController.storyboard */ = {isa = PBXFileReference; fileEncoding = 4; lastKnownFileType = file.storyboard; path = CollectionViewController.storyboard; sourceTree = "<group>"; };
		9149EC281E48CA5A0012FA60 /* EmojiViewController.swift */ = {isa = PBXFileReference; fileEncoding = 4; lastKnownFileType = sourcecode.swift; path = EmojiViewController.swift; sourceTree = "<group>"; };
		9149EC2A1E48CA6E0012FA60 /* EmojiViewController.storyboard */ = {isa = PBXFileReference; fileEncoding = 4; lastKnownFileType = file.storyboard; path = EmojiViewController.storyboard; sourceTree = "<group>"; };
/* End PBXFileReference section */

/* Begin PBXFrameworksBuildPhase section */
		911733071E479E3200539957 /* Frameworks */ = {
			isa = PBXFrameworksBuildPhase;
			buildActionMask = 2147483647;
			files = (
				EA032B80319D910701FB3222 /* Pods_HeroDemo.framework in Frameworks */,
			);
			runOnlyForDeploymentPostprocessing = 0;
		};
/* End PBXFrameworksBuildPhase section */

/* Begin PBXGroup section */
		657DC13F040EE8CEFAD6783D /* Pods */ = {
			isa = PBXGroup;
			children = (
				696894C7666D80ACE75E329F /* Pods-HeroDemo.debug.xcconfig */,
				2118867243CC9AB966CD6957 /* Pods-HeroDemo.release.xcconfig */,
			);
			name = Pods;
			sourceTree = "<group>";
		};
		911733011E479E3200539957 = {
			isa = PBXGroup;
			children = (
				9117330C1E479E3200539957 /* HeroDemo */,
				9117330B1E479E3200539957 /* Products */,
				657DC13F040EE8CEFAD6783D /* Pods */,
				D6A24FB4EB33690A4D2C0422 /* Frameworks */,
			);
			sourceTree = "<group>";
		};
		9117330B1E479E3200539957 /* Products */ = {
			isa = PBXGroup;
			children = (
				9117330A1E479E3200539957 /* HeroDemo.app */,
			);
			name = Products;
			sourceTree = "<group>";
		};
		9117330C1E479E3200539957 /* HeroDemo */ = {
			isa = PBXGroup;
			children = (
				9117330D1E479E3200539957 /* AppDelegate.swift */,
				9117330F1E479E3300539957 /* ViewController.swift */,
				911733111E479E3300539957 /* Main.storyboard */,
				911733231E47B85100539957 /* CollectionViewController.swift */,
				911733251E47B86000539957 /* CollectionViewController.storyboard */,
				9149EC281E48CA5A0012FA60 /* EmojiViewController.swift */,
				9149EC2A1E48CA6E0012FA60 /* EmojiViewController.storyboard */,
				9117331F1E47AC6400539957 /* tabbers.json */,
				911733211E47AD8900539957 /* Tabber.swift */,
				911733141E479E3300539957 /* Assets.xcassets */,
				911733161E479E3300539957 /* LaunchScreen.storyboard */,
				911733191E479E3300539957 /* Info.plist */,
			);
			path = HeroDemo;
			sourceTree = "<group>";
		};
		D6A24FB4EB33690A4D2C0422 /* Frameworks */ = {
			isa = PBXGroup;
			children = (
				4738509AC51DF773B1E3DDFD /* Pods_HeroDemo.framework */,
			);
			name = Frameworks;
			sourceTree = "<group>";
		};
/* End PBXGroup section */

/* Begin PBXNativeTarget section */
		911733091E479E3200539957 /* HeroDemo */ = {
			isa = PBXNativeTarget;
			buildConfigurationList = 9117331C1E479E3300539957 /* Build configuration list for PBXNativeTarget "HeroDemo" */;
			buildPhases = (
				306E0580C9449A383EA4C214 /* [CP] Check Pods Manifest.lock */,
				911733061E479E3200539957 /* Sources */,
				911733071E479E3200539957 /* Frameworks */,
				911733081E479E3200539957 /* Resources */,
				D89F52AEA23669B66F1D7322 /* [CP] Embed Pods Frameworks */,
				787E8BF4E72A87FF7CF249B2 /* [CP] Copy Pods Resources */,
			);
			buildRules = (
			);
			dependencies = (
			);
			name = HeroDemo;
			productName = HeroDemo;
			productReference = 9117330A1E479E3200539957 /* HeroDemo.app */;
			productType = "com.apple.product-type.application";
		};
/* End PBXNativeTarget section */

/* Begin PBXProject section */
		911733021E479E3200539957 /* Project object */ = {
			isa = PBXProject;
			attributes = {
				LastSwiftUpdateCheck = 0820;
				LastUpgradeCheck = 0820;
				ORGANIZATIONNAME = JSanderson;
				TargetAttributes = {
					911733091E479E3200539957 = {
						CreatedOnToolsVersion = 8.2.1;
						DevelopmentTeam = WC25CT79HG;
						ProvisioningStyle = Automatic;
					};
				};
			};
			buildConfigurationList = 911733051E479E3200539957 /* Build configuration list for PBXProject "HeroDemo" */;
			compatibilityVersion = "Xcode 3.2";
			developmentRegion = English;
			hasScannedForEncodings = 0;
			knownRegions = (
				en,
				Base,
			);
			mainGroup = 911733011E479E3200539957;
			productRefGroup = 9117330B1E479E3200539957 /* Products */;
			projectDirPath = "";
			projectRoot = "";
			targets = (
				911733091E479E3200539957 /* HeroDemo */,
			);
		};
/* End PBXProject section */

/* Begin PBXResourcesBuildPhase section */
		911733081E479E3200539957 /* Resources */ = {
			isa = PBXResourcesBuildPhase;
			buildActionMask = 2147483647;
			files = (
				9149EC2B1E48CA6E0012FA60 /* EmojiViewController.storyboard in Resources */,
				911733261E47B86000539957 /* CollectionViewController.storyboard in Resources */,
				911733181E479E3300539957 /* LaunchScreen.storyboard in Resources */,
				911733151E479E3300539957 /* Assets.xcassets in Resources */,
				911733131E479E3300539957 /* Main.storyboard in Resources */,
				911733201E47AC6400539957 /* tabbers.json in Resources */,
			);
			runOnlyForDeploymentPostprocessing = 0;
		};
/* End PBXResourcesBuildPhase section */

/* Begin PBXShellScriptBuildPhase section */
		306E0580C9449A383EA4C214 /* [CP] Check Pods Manifest.lock */ = {
			isa = PBXShellScriptBuildPhase;
			buildActionMask = 2147483647;
			files = (
			);
			inputPaths = (
			);
			name = "[CP] Check Pods Manifest.lock";
			outputPaths = (
			);
			runOnlyForDeploymentPostprocessing = 0;
			shellPath = /bin/sh;
			shellScript = "diff \"${PODS_ROOT}/../Podfile.lock\" \"${PODS_ROOT}/Manifest.lock\" > /dev/null\nif [ $? != 0 ] ; then\n    # print error to STDERR\n    echo \"error: The sandbox is not in sync with the Podfile.lock. Run 'pod install' or update your CocoaPods installation.\" >&2\n    exit 1\nfi\n";
			showEnvVarsInLog = 0;
		};
		787E8BF4E72A87FF7CF249B2 /* [CP] Copy Pods Resources */ = {
			isa = PBXShellScriptBuildPhase;
			buildActionMask = 2147483647;
			files = (
			);
			inputPaths = (
			);
			name = "[CP] Copy Pods Resources";
			outputPaths = (
			);
			runOnlyForDeploymentPostprocessing = 0;
			shellPath = /bin/sh;
			shellScript = "\"${SRCROOT}/Pods/Target Support Files/Pods-HeroDemo/Pods-HeroDemo-resources.sh\"\n";
			showEnvVarsInLog = 0;
		};
		D89F52AEA23669B66F1D7322 /* [CP] Embed Pods Frameworks */ = {
			isa = PBXShellScriptBuildPhase;
			buildActionMask = 2147483647;
			files = (
			);
			inputPaths = (
			);
			name = "[CP] Embed Pods Frameworks";
			outputPaths = (
			);
			runOnlyForDeploymentPostprocessing = 0;
			shellPath = /bin/sh;
			shellScript = "\"${SRCROOT}/Pods/Target Support Files/Pods-HeroDemo/Pods-HeroDemo-frameworks.sh\"\n";
			showEnvVarsInLog = 0;
		};
/* End PBXShellScriptBuildPhase section */

/* Begin PBXSourcesBuildPhase section */
		911733061E479E3200539957 /* Sources */ = {
			isa = PBXSourcesBuildPhase;
			buildActionMask = 2147483647;
			files = (
				911733241E47B85100539957 /* CollectionViewController.swift in Sources */,
				9149EC291E48CA5A0012FA60 /* EmojiViewController.swift in Sources */,
				911733221E47AD8900539957 /* Tabber.swift in Sources */,
				911733101E479E3300539957 /* ViewController.swift in Sources */,
				9117330E1E479E3300539957 /* AppDelegate.swift in Sources */,
			);
			runOnlyForDeploymentPostprocessing = 0;
		};
/* End PBXSourcesBuildPhase section */

/* Begin PBXVariantGroup section */
		911733111E479E3300539957 /* Main.storyboard */ = {
			isa = PBXVariantGroup;
			children = (
				911733121E479E3300539957 /* Base */,
			);
			name = Main.storyboard;
			sourceTree = "<group>";
		};
		911733161E479E3300539957 /* LaunchScreen.storyboard */ = {
			isa = PBXVariantGroup;
			children = (
				911733171E479E3300539957 /* Base */,
			);
			name = LaunchScreen.storyboard;
			sourceTree = "<group>";
		};
/* End PBXVariantGroup section */

/* Begin XCBuildConfiguration section */
		9117331A1E479E3300539957 /* Debug */ = {
			isa = XCBuildConfiguration;
			buildSettings = {
				ALWAYS_SEARCH_USER_PATHS = NO;
				CLANG_ANALYZER_NONNULL = YES;
				CLANG_CXX_LANGUAGE_STANDARD = "gnu++0x";
				CLANG_CXX_LIBRARY = "libc++";
				CLANG_ENABLE_MODULES = YES;
				CLANG_ENABLE_OBJC_ARC = YES;
				CLANG_WARN_BOOL_CONVERSION = YES;
				CLANG_WARN_CONSTANT_CONVERSION = YES;
				CLANG_WARN_DIRECT_OBJC_ISA_USAGE = YES_ERROR;
				CLANG_WARN_DOCUMENTATION_COMMENTS = YES;
				CLANG_WARN_EMPTY_BODY = YES;
				CLANG_WARN_ENUM_CONVERSION = YES;
				CLANG_WARN_INFINITE_RECURSION = YES;
				CLANG_WARN_INT_CONVERSION = YES;
				CLANG_WARN_OBJC_ROOT_CLASS = YES_ERROR;
				CLANG_WARN_SUSPICIOUS_MOVE = YES;
				CLANG_WARN_UNREACHABLE_CODE = YES;
				CLANG_WARN__DUPLICATE_METHOD_MATCH = YES;
				"CODE_SIGN_IDENTITY[sdk=iphoneos*]" = "iPhone Developer";
				COPY_PHASE_STRIP = NO;
				DEBUG_INFORMATION_FORMAT = dwarf;
				ENABLE_STRICT_OBJC_MSGSEND = YES;
				ENABLE_TESTABILITY = YES;
				GCC_C_LANGUAGE_STANDARD = gnu99;
				GCC_DYNAMIC_NO_PIC = NO;
				GCC_NO_COMMON_BLOCKS = YES;
				GCC_OPTIMIZATION_LEVEL = 0;
				GCC_PREPROCESSOR_DEFINITIONS = (
					"DEBUG=1",
					"$(inherited)",
				);
				GCC_WARN_64_TO_32_BIT_CONVERSION = YES;
				GCC_WARN_ABOUT_RETURN_TYPE = YES_ERROR;
				GCC_WARN_UNDECLARED_SELECTOR = YES;
				GCC_WARN_UNINITIALIZED_AUTOS = YES_AGGRESSIVE;
				GCC_WARN_UNUSED_FUNCTION = YES;
				GCC_WARN_UNUSED_VARIABLE = YES;
				IPHONEOS_DEPLOYMENT_TARGET = 10.2;
				MTL_ENABLE_DEBUG_INFO = YES;
				ONLY_ACTIVE_ARCH = YES;
				SDKROOT = iphoneos;
				SWIFT_ACTIVE_COMPILATION_CONDITIONS = DEBUG;
				SWIFT_OPTIMIZATION_LEVEL = "-Onone";
			};
			name = Debug;
		};
		9117331B1E479E3300539957 /* Release */ = {
			isa = XCBuildConfiguration;
			buildSettings = {
				ALWAYS_SEARCH_USER_PATHS = NO;
				CLANG_ANALYZER_NONNULL = YES;
				CLANG_CXX_LANGUAGE_STANDARD = "gnu++0x";
				CLANG_CXX_LIBRARY = "libc++";
				CLANG_ENABLE_MODULES = YES;
				CLANG_ENABLE_OBJC_ARC = YES;
				CLANG_WARN_BOOL_CONVERSION = YES;
				CLANG_WARN_CONSTANT_CONVERSION = YES;
				CLANG_WARN_DIRECT_OBJC_ISA_USAGE = YES_ERROR;
				CLANG_WARN_DOCUMENTATION_COMMENTS = YES;
				CLANG_WARN_EMPTY_BODY = YES;
				CLANG_WARN_ENUM_CONVERSION = YES;
				CLANG_WARN_INFINITE_RECURSION = YES;
				CLANG_WARN_INT_CONVERSION = YES;
				CLANG_WARN_OBJC_ROOT_CLASS = YES_ERROR;
				CLANG_WARN_SUSPICIOUS_MOVE = YES;
				CLANG_WARN_UNREACHABLE_CODE = YES;
				CLANG_WARN__DUPLICATE_METHOD_MATCH = YES;
				"CODE_SIGN_IDENTITY[sdk=iphoneos*]" = "iPhone Developer";
				COPY_PHASE_STRIP = NO;
				DEBUG_INFORMATION_FORMAT = "dwarf-with-dsym";
				ENABLE_NS_ASSERTIONS = NO;
				ENABLE_STRICT_OBJC_MSGSEND = YES;
				GCC_C_LANGUAGE_STANDARD = gnu99;
				GCC_NO_COMMON_BLOCKS = YES;
				GCC_WARN_64_TO_32_BIT_CONVERSION = YES;
				GCC_WARN_ABOUT_RETURN_TYPE = YES_ERROR;
				GCC_WARN_UNDECLARED_SELECTOR = YES;
				GCC_WARN_UNINITIALIZED_AUTOS = YES_AGGRESSIVE;
				GCC_WARN_UNUSED_FUNCTION = YES;
				GCC_WARN_UNUSED_VARIABLE = YES;
				IPHONEOS_DEPLOYMENT_TARGET = 10.2;
				MTL_ENABLE_DEBUG_INFO = NO;
				SDKROOT = iphoneos;
				SWIFT_OPTIMIZATION_LEVEL = "-Owholemodule";
				VALIDATE_PRODUCT = YES;
			};
			name = Release;
		};
		9117331D1E479E3300539957 /* Debug */ = {
			isa = XCBuildConfiguration;
			baseConfigurationReference = 696894C7666D80ACE75E329F /* Pods-HeroDemo.debug.xcconfig */;
			buildSettings = {
				ASSETCATALOG_COMPILER_APPICON_NAME = AppIcon;
				DEVELOPMENT_TEAM = WC25CT79HG;
				INFOPLIST_FILE = HeroDemo/Info.plist;
				LD_RUNPATH_SEARCH_PATHS = "$(inherited) @executable_path/Frameworks";
				PRODUCT_BUNDLE_IDENTIFIER = JSanderson.HeroDemo;
				PRODUCT_NAME = "$(TARGET_NAME)";
				SWIFT_VERSION = 3.0;
			};
			name = Debug;
		};
		9117331E1E479E3300539957 /* Release */ = {
			isa = XCBuildConfiguration;
			baseConfigurationReference = 2118867243CC9AB966CD6957 /* Pods-HeroDemo.release.xcconfig */;
			buildSettings = {
				ASSETCATALOG_COMPILER_APPICON_NAME = AppIcon;
				DEVELOPMENT_TEAM = WC25CT79HG;
				INFOPLIST_FILE = HeroDemo/Info.plist;
				LD_RUNPATH_SEARCH_PATHS = "$(inherited) @executable_path/Frameworks";
				PRODUCT_BUNDLE_IDENTIFIER = JSanderson.HeroDemo;
				PRODUCT_NAME = "$(TARGET_NAME)";
				SWIFT_VERSION = 3.0;
			};
			name = Release;
		};
/* End XCBuildConfiguration section */

/* Begin XCConfigurationList section */
		911733051E479E3200539957 /* Build configuration list for PBXProject "HeroDemo" */ = {
			isa = XCConfigurationList;
			buildConfigurations = (
				9117331A1E479E3300539957 /* Debug */,
				9117331B1E479E3300539957 /* Release */,
			);
			defaultConfigurationIsVisible = 0;
			defaultConfigurationName = Release;
		};
		9117331C1E479E3300539957 /* Build configuration list for PBXNativeTarget "HeroDemo" */ = {
			isa = XCConfigurationList;
			buildConfigurations = (
				9117331D1E479E3300539957 /* Debug */,
				9117331E1E479E3300539957 /* Release */,
			);
			defaultConfigurationIsVisible = 0;
			defaultConfigurationName = Release;
		};
/* End XCConfigurationList section */
	};
	rootObject = 911733021E479E3200539957 /* Project object */;
}
